
Microsoft Visual Studio Solution File, Format Version 12.00
# Visual Studio 14
VisualStudioVersion = 14.0.25420.1
MinimumVisualStudioVersion = 10.0.40219.1
Project("{FAE04EC0-301F-11D3-BF4B-00C04F79EFBC}") = "Store.Web", "src\Store.Web\Store.Web.csproj", "{35AFAD58-5C1D-4AD6-87F3-57113151840B}"
EndProject
Project("{FAE04EC0-301F-11D3-BF4B-00C04F79EFBC}") = "Store.Tests", "src\Store.Tests\Store.Tests.csproj", "{028BEADB-6704-42ED-ADD7-E4ACD011EB4E}"
EndProject
Project("{FAE04EC0-301F-11D3-BF4B-00C04F79EFBC}") = "Store.Data", "src\Store.Data\Store.Data.csproj", "{F589CAC8-DAC0-4E28-9606-145711282301}"
EndProject
Project("{FAE04EC0-301F-11D3-BF4B-00C04F79EFBC}") = "Store.Entities", "src\Store.Entities\Store.Entities.csproj", "{3E5C93A4-6D4C-455A-A669-CF587B844BF8}"
EndProject
Project("{FAE04EC0-301F-11D3-BF4B-00C04F79EFBC}") = "Store.Services", "src\Store.Services\Store.Services.csproj", "{28A876B0-E610-40EB-A1CC-6D84DF5B6D2B}"
EndProject
Project("{FAE04EC0-301F-11D3-BF4B-00C04F79EFBC}") = "Store.Contracts", "src\Store.Contracts\Store.Contracts.csproj", "{60515963-B0EE-48F1-9B5E-C15891B6C241}"
EndProject
Global
	GlobalSection(SolutionConfigurationPlatforms) = preSolution
		Debug|Any CPU = Debug|Any CPU
		Release|Any CPU = Release|Any CPU
	EndGlobalSection
	GlobalSection(ProjectConfigurationPlatforms) = postSolution
		{35AFAD58-5C1D-4AD6-87F3-57113151840B}.Debug|Any CPU.ActiveCfg = Debug|Any CPU
		{35AFAD58-5C1D-4AD6-87F3-57113151840B}.Debug|Any CPU.Build.0 = Debug|Any CPU
		{35AFAD58-5C1D-4AD6-87F3-57113151840B}.Release|Any CPU.ActiveCfg = Release|Any CPU
		{35AFAD58-5C1D-4AD6-87F3-57113151840B}.Release|Any CPU.Build.0 = Release|Any CPU
		{028BEADB-6704-42ED-ADD7-E4ACD011EB4E}.Debug|Any CPU.ActiveCfg = Debug|Any CPU
		{028BEADB-6704-42ED-ADD7-E4ACD011EB4E}.Debug|Any CPU.Build.0 = Debug|Any CPU
		{028BEADB-6704-42ED-ADD7-E4ACD011EB4E}.Release|Any CPU.ActiveCfg = Release|Any CPU
		{028BEADB-6704-42ED-ADD7-E4ACD011EB4E}.Release|Any CPU.Build.0 = Release|Any CPU
		{F589CAC8-DAC0-4E28-9606-145711282301}.Debug|Any CPU.ActiveCfg = Debug|Any CPU
		{F589CAC8-DAC0-4E28-9606-145711282301}.Debug|Any CPU.Build.0 = Debug|Any CPU
		{F589CAC8-DAC0-4E28-9606-145711282301}.Release|Any CPU.ActiveCfg = Release|Any CPU
		{F589CAC8-DAC0-4E28-9606-145711282301}.Release|Any CPU.Build.0 = Release|Any CPU
		{3E5C93A4-6D4C-455A-A669-CF587B844BF8}.Debug|Any CPU.ActiveCfg = Debug|Any CPU
		{3E5C93A4-6D4C-455A-A669-CF587B844BF8}.Debug|Any CPU.Build.0 = Debug|Any CPU
		{3E5C93A4-6D4C-455A-A669-CF587B844BF8}.Release|Any CPU.ActiveCfg = Release|Any CPU
		{3E5C93A4-6D4C-455A-A669-CF587B844BF8}.Release|Any CPU.Build.0 = Release|Any CPU
		{28A876B0-E610-40EB-A1CC-6D84DF5B6D2B}.Debug|Any CPU.ActiveCfg = Debug|Any CPU
		{28A876B0-E610-40EB-A1CC-6D84DF5B6D2B}.Debug|Any CPU.Build.0 = Debug|Any CPU
		{28A876B0-E610-40EB-A1CC-6D84DF5B6D2B}.Release|Any CPU.ActiveCfg = Release|Any CPU
		{28A876B0-E610-40EB-A1CC-6D84DF5B6D2B}.Release|Any CPU.Build.0 = Release|Any CPU
		{60515963-B0EE-48F1-9B5E-C15891B6C241}.Debug|Any CPU.ActiveCfg = Debug|Any CPU
		{60515963-B0EE-48F1-9B5E-C15891B6C241}.Debug|Any CPU.Build.0 = Debug|Any CPU
		{60515963-B0EE-48F1-9B5E-C15891B6C241}.Release|Any CPU.ActiveCfg = Release|Any CPU
		{60515963-B0EE-48F1-9B5E-C15891B6C241}.Release|Any CPU.Build.0 = Release|Any CPU
	EndGlobalSection
	GlobalSection(SolutionProperties) = preSolution
		HideSolutionNode = FALSE
	EndGlobalSection
EndGlobal
